
Microsoft Visual Studio Solution File, Format Version 12.00
# Visual Studio Version 16
VisualStudioVersion = 16.0.30611.23
MinimumVisualStudioVersion = 10.0.40219.1
Project("{FAE04EC0-301F-11D3-BF4B-00C04F79EFBC}") = "ContactsDirectory", "ContactsDirectory\ContactsDirectory.csproj", "{86A21B43-9CB0-4734-85FB-F5D94F1C4767}"
EndProject
Project("{FAE04EC0-301F-11D3-BF4B-00C04F79EFBC}") = "DataAccessLayer", "DataAccessLayer\DataAccessLayer.csproj", "{7079353F-B0E8-443C-ACD4-7E4ABBCC8E79}"
EndProject
Project("{FAE04EC0-301F-11D3-BF4B-00C04F79EFBC}") = "ContactsDirectory.Web", "ContactsDirectory.Web\ContactsDirectory.Web.csproj", "{BE7AE81F-5F19-4C62-AB3D-0F6B3291B2AE}"
EndProject
Global
	GlobalSection(SolutionConfigurationPlatforms) = preSolution
		Debug|Any CPU = Debug|Any CPU
		Release|Any CPU = Release|Any CPU
	EndGlobalSection
	GlobalSection(ProjectConfigurationPlatforms) = postSolution
		{86A21B43-9CB0-4734-85FB-F5D94F1C4767}.Debug|Any CPU.ActiveCfg = Debug|Any CPU
		{86A21B43-9CB0-4734-85FB-F5D94F1C4767}.Debug|Any CPU.Build.0 = Debug|Any CPU
		{86A21B43-9CB0-4734-85FB-F5D94F1C4767}.Release|Any CPU.ActiveCfg = Release|Any CPU
		{86A21B43-9CB0-4734-85FB-F5D94F1C4767}.Release|Any CPU.Build.0 = Release|Any CPU
		{7079353F-B0E8-443C-ACD4-7E4ABBCC8E79}.Debug|Any CPU.ActiveCfg = Debug|Any CPU
		{7079353F-B0E8-443C-ACD4-7E4ABBCC8E79}.Debug|Any CPU.Build.0 = Debug|Any CPU
		{7079353F-B0E8-443C-ACD4-7E4ABBCC8E79}.Release|Any CPU.ActiveCfg = Release|Any CPU
		{7079353F-B0E8-443C-ACD4-7E4ABBCC8E79}.Release|Any CPU.Build.0 = Release|Any CPU
		{BE7AE81F-5F19-4C62-AB3D-0F6B3291B2AE}.Debug|Any CPU.ActiveCfg = Debug|Any CPU
		{BE7AE81F-5F19-4C62-AB3D-0F6B3291B2AE}.Debug|Any CPU.Build.0 = Debug|Any CPU
		{BE7AE81F-5F19-4C62-AB3D-0F6B3291B2AE}.Release|Any CPU.ActiveCfg = Release|Any CPU
		{BE7AE81F-5F19-4C62-AB3D-0F6B3291B2AE}.Release|Any CPU.Build.0 = Release|Any CPU
	EndGlobalSection
	GlobalSection(SolutionProperties) = preSolution
		HideSolutionNode = FALSE
	EndGlobalSection
	GlobalSection(ExtensibilityGlobals) = postSolution
		SolutionGuid = {2EABADB9-7C2E-46F7-AD7E-C52497109B76}
	EndGlobalSection
EndGlobal
